
Microsoft Visual Studio Solution File, Format Version 12.00
# Visual Studio Version 17
VisualStudioVersion = 17.6.33829.357
MinimumVisualStudioVersion = 10.0.40219.1
Project("{FAE04EC0-301F-11D3-BF4B-00C04F79EFBC}") = "Task13", "Task13.csproj", "{8FB1D6A6-1326-4483-8835-EA2EB7B58DFD}"
EndProject
Project("{FAE04EC0-301F-11D3-BF4B-00C04F79EFBC}") = "Task13(Reflection)", "..\Task13(Reflection)\Task13(Reflection).csproj", "{E9BC7499-F958-4F03-9A4F-1CD68CBC35FD}"
EndProject
Global
	GlobalSection(SolutionConfigurationPlatforms) = preSolution
		Debug|Any CPU = Debug|Any CPU
		Release|Any CPU = Release|Any CPU
	EndGlobalSection
	GlobalSection(ProjectConfigurationPlatforms) = postSolution
		{8FB1D6A6-1326-4483-8835-EA2EB7B58DFD}.Debug|Any CPU.ActiveCfg = Debug|Any CPU
		{8FB1D6A6-1326-4483-8835-EA2EB7B58DFD}.Debug|Any CPU.Build.0 = Debug|Any CPU
		{8FB1D6A6-1326-4483-8835-EA2EB7B58DFD}.Release|Any CPU.ActiveCfg = Release|Any CPU
		{8FB1D6A6-1326-4483-8835-EA2EB7B58DFD}.Release|Any CPU.Build.0 = Release|Any CPU
		{E9BC7499-F958-4F03-9A4F-1CD68CBC35FD}.Debug|Any CPU.ActiveCfg = Debug|Any CPU
		{E9BC7499-F958-4F03-9A4F-1CD68CBC35FD}.Debug|Any CPU.Build.0 = Debug|Any CPU
		{E9BC7499-F958-4F03-9A4F-1CD68CBC35FD}.Release|Any CPU.ActiveCfg = Release|Any CPU
		{E9BC7499-F958-4F03-9A4F-1CD68CBC35FD}.Release|Any CPU.Build.0 = Release|Any CPU
	EndGlobalSection
	GlobalSection(SolutionProperties) = preSolution
		HideSolutionNode = FALSE
	EndGlobalSection
	GlobalSection(ExtensibilityGlobals) = postSolution
		SolutionGuid = {E400BDEA-85A2-4A35-9C8A-809141315837}
	EndGlobalSection
EndGlobal
